github.com/dominikbraun/graph v0.16.0 h1:M8B6g/uVYHQ2TG+AdbRtyXg7/ASHZCihzzkttFUHidA=
github.com/dominikbraun/graph v0.16.0/go.mod h1:yOjYyogZLY1LSG9E33JWZJiq5k83Qy2C6POAuiViluc=
github.com/sfomuseum/go-edtf v1.1.1 h1:R5gElndHGDaK/rGSh2X+ulaLtlcHCdQA1cTzB8e9wv8=
github.com/sfomuseum/go-edtf v1.1.1/go.mod h1:1rP0EJZ/84j3HO80vGcnG2T9MFBDAFyTNtjrr8cv3T4=
github.com/whosonfirst/go-whosonfirst-placetypes v0.6.0 h1:O0GApVzyGB1vrSWf+v8J3SfUHPOjK0Ic5anL6m90y5Y=
github.com/whosonfirst/go-whosonfirst-placetypes v0.6.0/go.mod h1:JSapxWcL8Zu64GRiaMJrYkdFX8z6KVNx/RsJ8aBKv7A=
github.com/whosonfirst/go-whosonfirst-sources v0.1.0 h1:JuKLa6KWke22jBfJ1pM9WQHoz1/3pbDv2C+aR+THPPQ=
github.com/whosonfirst/go-whosonfirst-sources v0.1.0/go.mod h1:EUMHyGzUmqPPxlMmOp+28BFeoBdxxE0HCKRd67lkqGM=
github.com/whosonfirst/go-whosonfirst-uri v1.3.0 h1:LYOVLqP9rWQxauYVkdw65j5LZxEi8OK0GHh/qCEpX4g=
github.com/whosonfirst/go-whosonfirst-uri v1.3.0/go.mod h1:CuVygTCUpMG945MMvqHyqxvc/L5YkDaMrrVpRFr7ZxY=
